// !$*UTF8*$!
{
	archiveVersion = 1;
	classes = {
	};
	objectVersion = 56;
	objects = {

/* Begin PBXBuildFile section */
		044DBDBC2A0E337A00FCF4E8 /* TouristLocationsApp.swift in Sources */ = {isa = PBXBuildFile; fileRef = 044DBDBB2A0E337A00FCF4E8 /* TouristLocationsApp.swift */; };
		044DBDC02A0E337B00FCF4E8 /* Assets.xcassets in Resources */ = {isa = PBXBuildFile; fileRef = 044DBDBF2A0E337B00FCF4E8 /* Assets.xcassets */; };
		044DBDD02A0E351D00FCF4E8 /* CategoryView.swift in Sources */ = {isa = PBXBuildFile; fileRef = 044DBDCF2A0E351D00FCF4E8 /* CategoryView.swift */; };
		044DBDD42A0E35CB00FCF4E8 /* CategoryCell.swift in Sources */ = {isa = PBXBuildFile; fileRef = 044DBDD32A0E35CB00FCF4E8 /* CategoryCell.swift */; };
		044DBDD62A0E360300FCF4E8 /* CategoryCellModel.swift in Sources */ = {isa = PBXBuildFile; fileRef = 044DBDD52A0E360300FCF4E8 /* CategoryCellModel.swift */; };
		044DBDD82A0E362000FCF4E8 /* MainViewModel.swift in Sources */ = {isa = PBXBuildFile; fileRef = 044DBDD72A0E362000FCF4E8 /* MainViewModel.swift */; };
		044DBDDA2A0E366600FCF4E8 /* LocationsView.swift in Sources */ = {isa = PBXBuildFile; fileRef = 044DBDD92A0E366600FCF4E8 /* LocationsView.swift */; };
		044DBDDC2A0E368900FCF4E8 /* LocationsCell.swift in Sources */ = {isa = PBXBuildFile; fileRef = 044DBDDB2A0E368900FCF4E8 /* LocationsCell.swift */; };
		044DBDDE2A0E36A700FCF4E8 /* LocationsCellModel.swift in Sources */ = {isa = PBXBuildFile; fileRef = 044DBDDD2A0E36A700FCF4E8 /* LocationsCellModel.swift */; };
		044DBDE02A0E372C00FCF4E8 /* RstTur.swift in Sources */ = {isa = PBXBuildFile; fileRef = 044DBDDF2A0E372C00FCF4E8 /* RstTur.swift */; };
		044DBDE22A0E376400FCF4E8 /* HTTPError.swift in Sources */ = {isa = PBXBuildFile; fileRef = 044DBDE12A0E376400FCF4E8 /* HTTPError.swift */; };
		044DBDE42A0E37A200FCF4E8 /* NetworkManager.swift in Sources */ = {isa = PBXBuildFile; fileRef = 044DBDE32A0E37A200FCF4E8 /* NetworkManager.swift */; };
		044DBDE62A0E381600FCF4E8 /* Color+Extensions.swift in Sources */ = {isa = PBXBuildFile; fileRef = 044DBDE52A0E381600FCF4E8 /* Color+Extensions.swift */; };
		044DBDE82A0E383B00FCF4E8 /* Publisher+Extensions.swift in Sources */ = {isa = PBXBuildFile; fileRef = 044DBDE72A0E383B00FCF4E8 /* Publisher+Extensions.swift */; };
		04CFADEF2A0E4DE200FC7CAF /* Preview Assets.xcassets in Resources */ = {isa = PBXBuildFile; fileRef = 04CFADEE2A0E4DE200FC7CAF /* Preview Assets.xcassets */; };
/* End PBXBuildFile section */

/* Begin PBXFileReference section */
		044DBDB82A0E337A00FCF4E8 /* TouristLocations.app */ = {isa = PBXFileReference; explicitFileType = wrapper.application; includeInIndex = 0; path = TouristLocations.app; sourceTree = BUILT_PRODUCTS_DIR; };
		044DBDBB2A0E337A00FCF4E8 /* TouristLocationsApp.swift */ = {isa = PBXFileReference; lastKnownFileType = sourcecode.swift; path = TouristLocationsApp.swift; sourceTree = "<group>"; };
		044DBDBF2A0E337B00FCF4E8 /* Assets.xcassets */ = {isa = PBXFileReference; lastKnownFileType = folder.assetcatalog; path = Assets.xcassets; sourceTree = "<group>"; };
		044DBDCF2A0E351D00FCF4E8 /* CategoryView.swift */ = {isa = PBXFileReference; lastKnownFileType = sourcecode.swift; path = CategoryView.swift; sourceTree = "<group>"; };
		044DBDD32A0E35CB00FCF4E8 /* CategoryCell.swift */ = {isa = PBXFileReference; lastKnownFileType = sourcecode.swift; path = CategoryCell.swift; sourceTree = "<group>"; };
		044DBDD52A0E360300FCF4E8 /* CategoryCellModel.swift */ = {isa = PBXFileReference; lastKnownFileType = sourcecode.swift; path = CategoryCellModel.swift; sourceTree = "<group>"; };
		044DBDD72A0E362000FCF4E8 /* MainViewModel.swift */ = {isa = PBXFileReference; lastKnownFileType = sourcecode.swift; path = MainViewModel.swift; sourceTree = "<group>"; };
		044DBDD92A0E366600FCF4E8 /* LocationsView.swift */ = {isa = PBXFileReference; lastKnownFileType = sourcecode.swift; path = LocationsView.swift; sourceTree = "<group>"; };
		044DBDDB2A0E368900FCF4E8 /* LocationsCell.swift */ = {isa = PBXFileReference; lastKnownFileType = sourcecode.swift; path = LocationsCell.swift; sourceTree = "<group>"; };
		044DBDDD2A0E36A700FCF4E8 /* LocationsCellModel.swift */ = {isa = PBXFileReference; lastKnownFileType = sourcecode.swift; path = LocationsCellModel.swift; sourceTree = "<group>"; };
		044DBDDF2A0E372C00FCF4E8 /* RstTur.swift */ = {isa = PBXFileReference; lastKnownFileType = sourcecode.swift; path = RstTur.swift; sourceTree = "<group>"; };
		044DBDE12A0E376400FCF4E8 /* HTTPError.swift */ = {isa = PBXFileReference; lastKnownFileType = sourcecode.swift; path = HTTPError.swift; sourceTree = "<group>"; };
		044DBDE32A0E37A200FCF4E8 /* NetworkManager.swift */ = {isa = PBXFileReference; lastKnownFileType = sourcecode.swift; path = NetworkManager.swift; sourceTree = "<group>"; };
		044DBDE52A0E381600FCF4E8 /* Color+Extensions.swift */ = {isa = PBXFileReference; lastKnownFileType = sourcecode.swift; path = "Color+Extensions.swift"; sourceTree = "<group>"; };
		044DBDE72A0E383B00FCF4E8 /* Publisher+Extensions.swift */ = {isa = PBXFileReference; lastKnownFileType = sourcecode.swift; path = "Publisher+Extensions.swift"; sourceTree = "<group>"; };
		0453CA352A115F4900742D22 /* Info.plist */ = {isa = PBXFileReference; lastKnownFileType = text.plist; path = Info.plist; sourceTree = "<group>"; };
		04CFADEE2A0E4DE200FC7CAF /* Preview Assets.xcassets */ = {isa = PBXFileReference; lastKnownFileType = folder.assetcatalog; path = "Preview Assets.xcassets"; sourceTree = "<group>"; };
/* End PBXFileReference section */

/* Begin PBXFrameworksBuildPhase section */
		044DBDB52A0E337A00FCF4E8 /* Frameworks */ = {
			isa = PBXFrameworksBuildPhase;
			buildActionMask = 2147483647;
			files = (
			);
			runOnlyForDeploymentPostprocessing = 0;
		};
/* End PBXFrameworksBuildPhase section */

/* Begin PBXGroup section */
		044DBDAF2A0E337A00FCF4E8 = {
			isa = PBXGroup;
			children = (
				044DBDBA2A0E337A00FCF4E8 /* TouristLocations */,
				044DBDB92A0E337A00FCF4E8 /* Products */,
			);
			sourceTree = "<group>";
		};
		044DBDB92A0E337A00FCF4E8 /* Products */ = {
			isa = PBXGroup;
			children = (
				044DBDB82A0E337A00FCF4E8 /* TouristLocations.app */,
			);
			name = Products;
			sourceTree = "<group>";
		};
		044DBDBA2A0E337A00FCF4E8 /* TouristLocations */ = {
			isa = PBXGroup;
			children = (
				0453CA352A115F4900742D22 /* Info.plist */,
				044DBDBB2A0E337A00FCF4E8 /* TouristLocationsApp.swift */,
				04CFADF02A0E57EE00FC7CAF /* Screens */,
				0453CA302A11235000742D22 /* ViewModels */,
				044DBDCC2A0E347F00FCF4E8 /* DomainModels */,
				0453CA312A1140D500742D22 /* Services */,
				044DBDCE2A0E349D00FCF4E8 /* Extensions */,
				04CFADED2A0E4DE200FC7CAF /* Preview Content */,
				044DBDC92A0E33A600FCF4E8 /* Resources */,
			);
			path = TouristLocations;
			sourceTree = "<group>";
		};
		044DBDC92A0E33A600FCF4E8 /* Resources */ = {
			isa = PBXGroup;
			children = (
				044DBDBF2A0E337B00FCF4E8 /* Assets.xcassets */,
			);
			path = Resources;
			sourceTree = "<group>";
		};
		044DBDCA2A0E346500FCF4E8 /* CategoryScreen */ = {
			isa = PBXGroup;
			children = (
				044DBDCF2A0E351D00FCF4E8 /* CategoryView.swift */,
				0453CA2F2A10C8BF00742D22 /* Subviews */,
			);
			path = CategoryScreen;
			sourceTree = "<group>";
		};
		044DBDCB2A0E347200FCF4E8 /* LocationsScreen */ = {
			isa = PBXGroup;
			children = (
				044DBDD92A0E366600FCF4E8 /* LocationsView.swift */,
				0453CA2E2A10C8B500742D22 /* Subviews */,
			);
			path = LocationsScreen;
			sourceTree = "<group>";
		};
		044DBDCC2A0E347F00FCF4E8 /* DomainModels */ = {
			isa = PBXGroup;
			children = (
				044DBDDF2A0E372C00FCF4E8 /* RstTur.swift */,
			);
			path = DomainModels;
			sourceTree = "<group>";
		};
		044DBDCD2A0E348B00FCF4E8 /* NetworkingLayer */ = {
			isa = PBXGroup;
			children = (
				044DBDE32A0E37A200FCF4E8 /* NetworkManager.swift */,
				044DBDE72A0E383B00FCF4E8 /* Publisher+Extensions.swift */,
				044DBDE12A0E376400FCF4E8 /* HTTPError.swift */,
			);
			path = NetworkingLayer;
			sourceTree = "<group>";
		};
		044DBDCE2A0E349D00FCF4E8 /* Extensions */ = {
			isa = PBXGroup;
			children = (
				044DBDE52A0E381600FCF4E8 /* Color+Extensions.swift */,
			);
			path = Extensions;
			sourceTree = "<group>";
		};
		0453CA2E2A10C8B500742D22 /* Subviews */ = {
			isa = PBXGroup;
			children = (
				044DBDDB2A0E368900FCF4E8 /* LocationsCell.swift */,
				044DBDDD2A0E36A700FCF4E8 /* LocationsCellModel.swift */,
			);
			path = Subviews;
			sourceTree = "<group>";
		};
		0453CA2F2A10C8BF00742D22 /* Subviews */ = {
			isa = PBXGroup;
			children = (
				044DBDD32A0E35CB00FCF4E8 /* CategoryCell.swift */,
				044DBDD52A0E360300FCF4E8 /* CategoryCellModel.swift */,
			);
			path = Subviews;
			sourceTree = "<group>";
		};
		0453CA302A11235000742D22 /* ViewModels */ = {
			isa = PBXGroup;
			children = (
				044DBDD72A0E362000FCF4E8 /* MainViewModel.swift */,
			);
			path = ViewModels;
			sourceTree = "<group>";
		};
		0453CA312A1140D500742D22 /* Services */ = {
			isa = PBXGroup;
			children = (
				044DBDCD2A0E348B00FCF4E8 /* NetworkingLayer */,
			);
			path = Services;
			sourceTree = "<group>";
		};
		04CFADED2A0E4DE200FC7CAF /* Preview Content */ = {
			isa = PBXGroup;
			children = (
				04CFADEE2A0E4DE200FC7CAF /* Preview Assets.xcassets */,
			);
			path = "Preview Content";
			sourceTree = "<group>";
		};
		04CFADF02A0E57EE00FC7CAF /* Screens */ = {
			isa = PBXGroup;
			children = (
				044DBDCA2A0E346500FCF4E8 /* CategoryScreen */,
				044DBDCB2A0E347200FCF4E8 /* LocationsScreen */,
			);
			path = Screens;
			sourceTree = "<group>";
		};
/* End PBXGroup section */

/* Begin PBXNativeTarget section */
		044DBDB72A0E337A00FCF4E8 /* TouristLocations */ = {
			isa = PBXNativeTarget;
			buildConfigurationList = 044DBDC62A0E337B00FCF4E8 /* Build configuration list for PBXNativeTarget "TouristLocations" */;
			buildPhases = (
				044DBDB42A0E337A00FCF4E8 /* Sources */,
				044DBDB52A0E337A00FCF4E8 /* Frameworks */,
				044DBDB62A0E337A00FCF4E8 /* Resources */,
			);
			buildRules = (
			);
			dependencies = (
			);
			name = TouristLocations;
			productName = TouristLocations;
			productReference = 044DBDB82A0E337A00FCF4E8 /* TouristLocations.app */;
			productType = "com.apple.product-type.application";
		};
/* End PBXNativeTarget section */

/* Begin PBXProject section */
		044DBDB02A0E337A00FCF4E8 /* Project object */ = {
			isa = PBXProject;
			attributes = {
				BuildIndependentTargetsInParallel = 1;
				LastSwiftUpdateCheck = 1410;
				LastUpgradeCheck = 1410;
				TargetAttributes = {
					044DBDB72A0E337A00FCF4E8 = {
						CreatedOnToolsVersion = 14.1;
					};
				};
			};
			buildConfigurationList = 044DBDB32A0E337A00FCF4E8 /* Build configuration list for PBXProject "TouristLocations" */;
			compatibilityVersion = "Xcode 14.0";
			developmentRegion = en;
			hasScannedForEncodings = 0;
			knownRegions = (
				en,
				Base,
			);
			mainGroup = 044DBDAF2A0E337A00FCF4E8;
			productRefGroup = 044DBDB92A0E337A00FCF4E8 /* Products */;
			projectDirPath = "";
			projectRoot = "";
			targets = (
				044DBDB72A0E337A00FCF4E8 /* TouristLocations */,
			);
		};
/* End PBXProject section */

/* Begin PBXResourcesBuildPhase section */
		044DBDB62A0E337A00FCF4E8 /* Resources */ = {
			isa = PBXResourcesBuildPhase;
			buildActionMask = 2147483647;
			files = (
				04CFADEF2A0E4DE200FC7CAF /* Preview Assets.xcassets in Resources */,
				044DBDC02A0E337B00FCF4E8 /* Assets.xcassets in Resources */,
			);
			runOnlyForDeploymentPostprocessing = 0;
		};
/* End PBXResourcesBuildPhase section */

/* Begin PBXSourcesBuildPhase section */
		044DBDB42A0E337A00FCF4E8 /* Sources */ = {
			isa = PBXSourcesBuildPhase;
			buildActionMask = 2147483647;
			files = (
				044DBDD02A0E351D00FCF4E8 /* CategoryView.swift in Sources */,
				044DBDE22A0E376400FCF4E8 /* HTTPError.swift in Sources */,
				044DBDE82A0E383B00FCF4E8 /* Publisher+Extensions.swift in Sources */,
				044DBDDC2A0E368900FCF4E8 /* LocationsCell.swift in Sources */,
				044DBDDE2A0E36A700FCF4E8 /* LocationsCellModel.swift in Sources */,
				044DBDD42A0E35CB00FCF4E8 /* CategoryCell.swift in Sources */,
				044DBDBC2A0E337A00FCF4E8 /* TouristLocationsApp.swift in Sources */,
				044DBDE62A0E381600FCF4E8 /* Color+Extensions.swift in Sources */,
				044DBDD82A0E362000FCF4E8 /* MainViewModel.swift in Sources */,
				044DBDDA2A0E366600FCF4E8 /* LocationsView.swift in Sources */,
				044DBDD62A0E360300FCF4E8 /* CategoryCellModel.swift in Sources */,
				044DBDE42A0E37A200FCF4E8 /* NetworkManager.swift in Sources */,
				044DBDE02A0E372C00FCF4E8 /* RstTur.swift in Sources */,
			);
			runOnlyForDeploymentPostprocessing = 0;
		};
/* End PBXSourcesBuildPhase section */

/* Begin XCBuildConfiguration section */
		044DBDC42A0E337B00FCF4E8 /* Debug */ = {
			isa = XCBuildConfiguration;
			buildSettings = {
				ALWAYS_SEARCH_USER_PATHS = NO;
				CLANG_ANALYZER_NONNULL = YES;
				CLANG_ANALYZER_NUMBER_OBJECT_CONVERSION = YES_AGGRESSIVE;
				CLANG_CXX_LANGUAGE_STANDARD = "gnu++20";
				CLANG_ENABLE_MODULES = YES;
				CLANG_ENABLE_OBJC_ARC = YES;
				CLANG_ENABLE_OBJC_WEAK = YES;
				CLANG_WARN_BLOCK_CAPTURE_AUTORELEASING = YES;
				CLANG_WARN_BOOL_CONVERSION = YES;
				CLANG_WARN_COMMA = YES;
				CLANG_WARN_CONSTANT_CONVERSION = YES;
				CLANG_WARN_DEPRECATED_OBJC_IMPLEMENTATIONS = YES;
				CLANG_WARN_DIRECT_OBJC_ISA_USAGE = YES_ERROR;
				CLANG_WARN_DOCUMENTATION_COMMENTS = YES;
				CLANG_WARN_EMPTY_BODY = YES;
				CLANG_WARN_ENUM_CONVERSION = YES;
				CLANG_WARN_INFINITE_RECURSION = YES;
				CLANG_WARN_INT_CONVERSION = YES;
				CLANG_WARN_NON_LITERAL_NULL_CONVERSION = YES;
				CLANG_WARN_OBJC_IMPLICIT_RETAIN_SELF = YES;
				CLANG_WARN_OBJC_LITERAL_CONVERSION = YES;
				CLANG_WARN_OBJC_ROOT_CLASS = YES_ERROR;
				CLANG_WARN_QUOTED_INCLUDE_IN_FRAMEWORK_HEADER = YES;
				CLANG_WARN_RANGE_LOOP_ANALYSIS = YES;
				CLANG_WARN_STRICT_PROTOTYPES = YES;
				CLANG_WARN_SUSPICIOUS_MOVE = YES;
				CLANG_WARN_UNGUARDED_AVAILABILITY = YES_AGGRESSIVE;
				CLANG_WARN_UNREACHABLE_CODE = YES;
				CLANG_WARN__DUPLICATE_METHOD_MATCH = YES;
				COPY_PHASE_STRIP = NO;
				DEBUG_INFORMATION_FORMAT = dwarf;
				ENABLE_STRICT_OBJC_MSGSEND = YES;
				ENABLE_TESTABILITY = YES;
				GCC_C_LANGUAGE_STANDARD = gnu11;
				GCC_DYNAMIC_NO_PIC = NO;
				GCC_NO_COMMON_BLOCKS = YES;
				GCC_OPTIMIZATION_LEVEL = 0;
				GCC_PREPROCESSOR_DEFINITIONS = (
					"DEBUG=1",
					"$(inherited)",
				);
				GCC_WARN_64_TO_32_BIT_CONVERSION = YES;
				GCC_WARN_ABOUT_RETURN_TYPE = YES_ERROR;
				GCC_WARN_UNDECLARED_SELECTOR = YES;
				GCC_WARN_UNINITIALIZED_AUTOS = YES_AGGRESSIVE;
				GCC_WARN_UNUSED_FUNCTION = YES;
				GCC_WARN_UNUSED_VARIABLE = YES;
				GENERATE_INFOPLIST_FILE = NO;
				INFOPLIST_FILE = "";
				IPHONEOS_DEPLOYMENT_TARGET = 15.0;
				MTL_ENABLE_DEBUG_INFO = INCLUDE_SOURCE;
				MTL_FAST_MATH = YES;
				ONLY_ACTIVE_ARCH = YES;
				SDKROOT = iphoneos;
				SWIFT_ACTIVE_COMPILATION_CONDITIONS = DEBUG;
				SWIFT_OPTIMIZATION_LEVEL = "-Onone";
			};
			name = Debug;
		};
		044DBDC52A0E337B00FCF4E8 /* Release */ = {
			isa = XCBuildConfiguration;
			buildSettings = {
				ALWAYS_SEARCH_USER_PATHS = NO;
				CLANG_ANALYZER_NONNULL = YES;
				CLANG_ANALYZER_NUMBER_OBJECT_CONVERSION = YES_AGGRESSIVE;
				CLANG_CXX_LANGUAGE_STANDARD = "gnu++20";
				CLANG_ENABLE_MODULES = YES;
				CLANG_ENABLE_OBJC_ARC = YES;
				CLANG_ENABLE_OBJC_WEAK = YES;
				CLANG_WARN_BLOCK_CAPTURE_AUTORELEASING = YES;
				CLANG_WARN_BOOL_CONVERSION = YES;
				CLANG_WARN_COMMA = YES;
				CLANG_WARN_CONSTANT_CONVERSION = YES;
				CLANG_WARN_DEPRECATED_OBJC_IMPLEMENTATIONS = YES;
				CLANG_WARN_DIRECT_OBJC_ISA_USAGE = YES_ERROR;
				CLANG_WARN_DOCUMENTATION_COMMENTS = YES;
				CLANG_WARN_EMPTY_BODY = YES;
				CLANG_WARN_ENUM_CONVERSION = YES;
				CLANG_WARN_INFINITE_RECURSION = YES;
				CLANG_WARN_INT_CONVERSION = YES;
				CLANG_WARN_NON_LITERAL_NULL_CONVERSION = YES;
				CLANG_WARN_OBJC_IMPLICIT_RETAIN_SELF = YES;
				CLANG_WARN_OBJC_LITERAL_CONVERSION = YES;
				CLANG_WARN_OBJC_ROOT_CLASS = YES_ERROR;
				CLANG_WARN_QUOTED_INCLUDE_IN_FRAMEWORK_HEADER = YES;
				CLANG_WARN_RANGE_LOOP_ANALYSIS = YES;
				CLANG_WARN_STRICT_PROTOTYPES = YES;
				CLANG_WARN_SUSPICIOUS_MOVE = YES;
				CLANG_WARN_UNGUARDED_AVAILABILITY = YES_AGGRESSIVE;
				CLANG_WARN_UNREACHABLE_CODE = YES;
				CLANG_WARN__DUPLICATE_METHOD_MATCH = YES;
				COPY_PHASE_STRIP = NO;
				DEBUG_INFORMATION_FORMAT = "dwarf-with-dsym";
				ENABLE_NS_ASSERTIONS = NO;
				ENABLE_STRICT_OBJC_MSGSEND = YES;
				GCC_C_LANGUAGE_STANDARD = gnu11;
				GCC_NO_COMMON_BLOCKS = YES;
				GCC_WARN_64_TO_32_BIT_CONVERSION = YES;
				GCC_WARN_ABOUT_RETURN_TYPE = YES_ERROR;
				GCC_WARN_UNDECLARED_SELECTOR = YES;
				GCC_WARN_UNINITIALIZED_AUTOS = YES_AGGRESSIVE;
				GCC_WARN_UNUSED_FUNCTION = YES;
				GCC_WARN_UNUSED_VARIABLE = YES;
				GENERATE_INFOPLIST_FILE = NO;
				INFOPLIST_FILE = "";
				IPHONEOS_DEPLOYMENT_TARGET = 15.0;
				MTL_ENABLE_DEBUG_INFO = NO;
				MTL_FAST_MATH = YES;
				SDKROOT = iphoneos;
				SWIFT_COMPILATION_MODE = wholemodule;
				SWIFT_OPTIMIZATION_LEVEL = "-O";
				VALIDATE_PRODUCT = YES;
			};
			name = Release;
		};
		044DBDC72A0E337B00FCF4E8 /* Debug */ = {
			isa = XCBuildConfiguration;
			buildSettings = {
				ASSETCATALOG_COMPILER_APPICON_NAME = AppIcon;
				ASSETCATALOG_COMPILER_GLOBAL_ACCENT_COLOR_NAME = AccentColor;
				CODE_SIGN_STYLE = Automatic;
				CURRENT_PROJECT_VERSION = 1;
				DEVELOPMENT_ASSET_PATHS = "\"TouristLocations/Preview Content\"";
				DEVELOPMENT_TEAM = 8RR9M64TNW;
				ENABLE_PREVIEWS = YES;
				GENERATE_INFOPLIST_FILE = YES;
				INFOPLIST_FILE = TouristLocations/Info.plist;
				INFOPLIST_KEY_NSLocationWhenInUseUsageDescription = "Ваша текущая геолокация может быть передана в приложение 2GIS для построения маршрута к местам отдыха";
				INFOPLIST_KEY_UIApplicationSceneManifest_Generation = YES;
				INFOPLIST_KEY_UIApplicationSupportsIndirectInputEvents = YES;
				INFOPLIST_KEY_UILaunchScreen_Generation = YES;
				INFOPLIST_KEY_UISupportedInterfaceOrientations = UIInterfaceOrientationPortrait;
				INFOPLIST_KEY_UISupportedInterfaceOrientations_iPad = "UIInterfaceOrientationLandscapeLeft UIInterfaceOrientationLandscapeRight UIInterfaceOrientationPortrait UIInterfaceOrientationPortraitUpsideDown";
				IPHONEOS_DEPLOYMENT_TARGET = 15.0;
				LD_RUNPATH_SEARCH_PATHS = (
					"$(inherited)",
					"@executable_path/Frameworks",
				);
				MARKETING_VERSION = 1.0;
				PRODUCT_BUNDLE_IDENTIFIER = semjon.g.TouristLocations;
				PRODUCT_NAME = "$(TARGET_NAME)";
				SUPPORTED_PLATFORMS = "iphoneos iphonesimulator";
				SUPPORTS_MACCATALYST = NO;
				SUPPORTS_MAC_DESIGNED_FOR_IPHONE_IPAD = YES;
				SWIFT_EMIT_LOC_STRINGS = YES;
				SWIFT_VERSION = 5.0;
				TARGETED_DEVICE_FAMILY = 1;
			};
			name = Debug;
		};
		044DBDC82A0E337B00FCF4E8 /* Release */ = {
			isa = XCBuildConfiguration;
			buildSettings = {
				ASSETCATALOG_COMPILER_APPICON_NAME = AppIcon;
				ASSETCATALOG_COMPILER_GLOBAL_ACCENT_COLOR_NAME = AccentColor;
				CODE_SIGN_STYLE = Automatic;
				CURRENT_PROJECT_VERSION = 1;
				DEVELOPMENT_ASSET_PATHS = "\"TouristLocations/Preview Content\"";
				DEVELOPMENT_TEAM = 8RR9M64TNW;
				ENABLE_PREVIEWS = YES;
				GENERATE_INFOPLIST_FILE = YES;
				INFOPLIST_FILE = TouristLocations/Info.plist;
				INFOPLIST_KEY_NSLocationWhenInUseUsageDescription = "Ваша текущая геолокация может быть передана в приложение 2GIS для построения маршрута к местам отдыха";
				INFOPLIST_KEY_UIApplicationSceneManifest_Generation = YES;
				INFOPLIST_KEY_UIApplicationSupportsIndirectInputEvents = YES;
				INFOPLIST_KEY_UILaunchScreen_Generation = YES;
				INFOPLIST_KEY_UISupportedInterfaceOrientations = UIInterfaceOrientationPortrait;
				INFOPLIST_KEY_UISupportedInterfaceOrientations_iPad = "UIInterfaceOrientationLandscapeLeft UIInterfaceOrientationLandscapeRight UIInterfaceOrientationPortrait UIInterfaceOrientationPortraitUpsideDown";
				IPHONEOS_DEPLOYMENT_TARGET = 15.0;
				LD_RUNPATH_SEARCH_PATHS = (
					"$(inherited)",
					"@executable_path/Frameworks",
				);
				MARKETING_VERSION = 1.0;
				PRODUCT_BUNDLE_IDENTIFIER = semjon.g.TouristLocations;
				PRODUCT_NAME = "$(TARGET_NAME)";
				SUPPORTED_PLATFORMS = "iphoneos iphonesimulator";
				SUPPORTS_MACCATALYST = NO;
				SUPPORTS_MAC_DESIGNED_FOR_IPHONE_IPAD = YES;
				SWIFT_EMIT_LOC_STRINGS = YES;
				SWIFT_VERSION = 5.0;
				TARGETED_DEVICE_FAMILY = 1;
			};
			name = Release;
		};
/* End XCBuildConfiguration section */

/* Begin XCConfigurationList section */
		044DBDB32A0E337A00FCF4E8 /* Build configuration list for PBXProject "TouristLocations" */ = {
			isa = XCConfigurationList;
			buildConfigurations = (
				044DBDC42A0E337B00FCF4E8 /* Debug */,
				044DBDC52A0E337B00FCF4E8 /* Release */,
			);
			defaultConfigurationIsVisible = 0;
			defaultConfigurationName = Release;
		};
		044DBDC62A0E337B00FCF4E8 /* Build configuration list for PBXNativeTarget "TouristLocations" */ = {
			isa = XCConfigurationList;
			buildConfigurations = (
				044DBDC72A0E337B00FCF4E8 /* Debug */,
				044DBDC82A0E337B00FCF4E8 /* Release */,
			);
			defaultConfigurationIsVisible = 0;
			defaultConfigurationName = Release;
		};
/* End XCConfigurationList section */
	};
	rootObject = 044DBDB02A0E337A00FCF4E8 /* Project object */;
}
